// !$*UTF8*$!
{
	archiveVersion = 1;
	classes = {
	};
	objectVersion = 46;
	objects = {

/* Begin PBXBuildFile section */
		6658BDCF1DCA3701004E6F2D /* StatViewController.m in Sources */ = {isa = PBXBuildFile; fileRef = 6658BDCE1DCA3701004E6F2D /* StatViewController.m */; };
		66D27A6D1DC2318B00D3EF0C /* MenuViewController.m in Sources */ = {isa = PBXBuildFile; fileRef = 66D27A6C1DC2318B00D3EF0C /* MenuViewController.m */; };
		66E930171DC34B950095771D /* line.m in Sources */ = {isa = PBXBuildFile; fileRef = 66E930161DC34B950095771D /* line.m */; };
		66F7C3F81DE5F05300F458F0 /* Day.m in Sources */ = {isa = PBXBuildFile; fileRef = 66F7C3F71DE5F05300F458F0 /* Day.m */; };
		66FDD5B71DAB9E0E007A20D2 /* main.m in Sources */ = {isa = PBXBuildFile; fileRef = 66FDD5B61DAB9E0E007A20D2 /* main.m */; };
		66FDD5BA1DAB9E0E007A20D2 /* AppDelegate.m in Sources */ = {isa = PBXBuildFile; fileRef = 66FDD5B91DAB9E0E007A20D2 /* AppDelegate.m */; };
		66FDD5BD1DAB9E0E007A20D2 /* ViewController.m in Sources */ = {isa = PBXBuildFile; fileRef = 66FDD5BC1DAB9E0E007A20D2 /* ViewController.m */; };
		66FDD5C01DAB9E0E007A20D2 /* Main.storyboard in Resources */ = {isa = PBXBuildFile; fileRef = 66FDD5BE1DAB9E0E007A20D2 /* Main.storyboard */; };
		66FDD5C21DAB9E0E007A20D2 /* Assets.xcassets in Resources */ = {isa = PBXBuildFile; fileRef = 66FDD5C11DAB9E0E007A20D2 /* Assets.xcassets */; };
		66FDD5C51DAB9E0E007A20D2 /* LaunchScreen.storyboard in Resources */ = {isa = PBXBuildFile; fileRef = 66FDD5C31DAB9E0E007A20D2 /* LaunchScreen.storyboard */; };
		66FDD5D01DAB9E32007A20D2 /* BLE.m in Sources */ = {isa = PBXBuildFile; fileRef = 66FDD5CE1DAB9E32007A20D2 /* BLE.m */; };
/* End PBXBuildFile section */

/* Begin PBXFileReference section */
		6658BDCD1DCA3701004E6F2D /* StatViewController.h */ = {isa = PBXFileReference; fileEncoding = 4; lastKnownFileType = sourcecode.c.h; path = StatViewController.h; sourceTree = "<group>"; };
		6658BDCE1DCA3701004E6F2D /* StatViewController.m */ = {isa = PBXFileReference; fileEncoding = 4; lastKnownFileType = sourcecode.c.objc; path = StatViewController.m; sourceTree = "<group>"; };
		66D27A6B1DC2318B00D3EF0C /* MenuViewController.h */ = {isa = PBXFileReference; fileEncoding = 4; lastKnownFileType = sourcecode.c.h; path = MenuViewController.h; sourceTree = "<group>"; };
		66D27A6C1DC2318B00D3EF0C /* MenuViewController.m */ = {isa = PBXFileReference; fileEncoding = 4; lastKnownFileType = sourcecode.c.objc; path = MenuViewController.m; sourceTree = "<group>"; };
		66E930151DC34B950095771D /* line.h */ = {isa = PBXFileReference; fileEncoding = 4; lastKnownFileType = sourcecode.c.h; path = line.h; sourceTree = "<group>"; };
		66E930161DC34B950095771D /* line.m */ = {isa = PBXFileReference; fileEncoding = 4; lastKnownFileType = sourcecode.c.objc; path = line.m; sourceTree = "<group>"; };
		66F7C3F61DE5F05300F458F0 /* Day.h */ = {isa = PBXFileReference; fileEncoding = 4; lastKnownFileType = sourcecode.c.h; path = Day.h; sourceTree = "<group>"; };
		66F7C3F71DE5F05300F458F0 /* Day.m */ = {isa = PBXFileReference; fileEncoding = 4; lastKnownFileType = sourcecode.c.objc; path = Day.m; sourceTree = "<group>"; };
		66FDD5B21DAB9E0E007A20D2 /* TeamIOApp.app */ = {isa = PBXFileReference; explicitFileType = wrapper.application; includeInIndex = 0; path = TeamIOApp.app; sourceTree = BUILT_PRODUCTS_DIR; };
		66FDD5B61DAB9E0E007A20D2 /* main.m */ = {isa = PBXFileReference; lastKnownFileType = sourcecode.c.objc; path = main.m; sourceTree = "<group>"; };
		66FDD5B81DAB9E0E007A20D2 /* AppDelegate.h */ = {isa = PBXFileReference; lastKnownFileType = sourcecode.c.h; path = AppDelegate.h; sourceTree = "<group>"; };
		66FDD5B91DAB9E0E007A20D2 /* AppDelegate.m */ = {isa = PBXFileReference; lastKnownFileType = sourcecode.c.objc; path = AppDelegate.m; sourceTree = "<group>"; };
		66FDD5BB1DAB9E0E007A20D2 /* ViewController.h */ = {isa = PBXFileReference; lastKnownFileType = sourcecode.c.h; path = ViewController.h; sourceTree = "<group>"; };
		66FDD5BC1DAB9E0E007A20D2 /* ViewController.m */ = {isa = PBXFileReference; lastKnownFileType = sourcecode.c.objc; path = ViewController.m; sourceTree = "<group>"; };
		66FDD5BF1DAB9E0E007A20D2 /* Base */ = {isa = PBXFileReference; lastKnownFileType = file.storyboard; name = Base; path = Base.lproj/Main.storyboard; sourceTree = "<group>"; };
		66FDD5C11DAB9E0E007A20D2 /* Assets.xcassets */ = {isa = PBXFileReference; lastKnownFileType = folder.assetcatalog; path = Assets.xcassets; sourceTree = "<group>"; };
		66FDD5C41DAB9E0E007A20D2 /* Base */ = {isa = PBXFileReference; lastKnownFileType = file.storyboard; name = Base; path = Base.lproj/LaunchScreen.storyboard; sourceTree = "<group>"; };
		66FDD5C61DAB9E0E007A20D2 /* Info.plist */ = {isa = PBXFileReference; lastKnownFileType = text.plist.xml; path = Info.plist; sourceTree = "<group>"; };
		66FDD5CD1DAB9E32007A20D2 /* BLE.h */ = {isa = PBXFileReference; fileEncoding = 4; lastKnownFileType = sourcecode.c.h; path = BLE.h; sourceTree = "<group>"; };
		66FDD5CE1DAB9E32007A20D2 /* BLE.m */ = {isa = PBXFileReference; fileEncoding = 4; lastKnownFileType = sourcecode.c.objc; path = BLE.m; sourceTree = "<group>"; };
		66FDD5CF1DAB9E32007A20D2 /* BLEDefines.h */ = {isa = PBXFileReference; fileEncoding = 4; lastKnownFileType = sourcecode.c.h; path = BLEDefines.h; sourceTree = "<group>"; };
/* End PBXFileReference section */

/* Begin PBXFrameworksBuildPhase section */
		66FDD5AF1DAB9E0E007A20D2 /* Frameworks */ = {
			isa = PBXFrameworksBuildPhase;
			buildActionMask = 2147483647;
			files = (
			);
			runOnlyForDeploymentPostprocessing = 0;
		};
/* End PBXFrameworksBuildPhase section */

/* Begin PBXGroup section */
		66FDD5A91DAB9E0E007A20D2 = {
			isa = PBXGroup;
			children = (
				66FDD5CC1DAB9E32007A20D2 /* BLE */,
				66FDD5B41DAB9E0E007A20D2 /* DominoStandHubBLE */,
				66FDD5B31DAB9E0E007A20D2 /* Products */,
			);
			sourceTree = "<group>";
		};
		66FDD5B31DAB9E0E007A20D2 /* Products */ = {
			isa = PBXGroup;
			children = (
				66FDD5B21DAB9E0E007A20D2 /* TeamIOApp.app */,
			);
			name = Products;
			sourceTree = "<group>";
		};
		66FDD5B41DAB9E0E007A20D2 /* DominoStandHubBLE */ = {
			isa = PBXGroup;
			children = (
				66FDD5B81DAB9E0E007A20D2 /* AppDelegate.h */,
				66FDD5B91DAB9E0E007A20D2 /* AppDelegate.m */,
				66FDD5BB1DAB9E0E007A20D2 /* ViewController.h */,
				66FDD5BC1DAB9E0E007A20D2 /* ViewController.m */,
				66FDD5BE1DAB9E0E007A20D2 /* Main.storyboard */,
				66FDD5C11DAB9E0E007A20D2 /* Assets.xcassets */,
				66FDD5C31DAB9E0E007A20D2 /* LaunchScreen.storyboard */,
				66FDD5C61DAB9E0E007A20D2 /* Info.plist */,
				66FDD5B51DAB9E0E007A20D2 /* Supporting Files */,
				66D27A6B1DC2318B00D3EF0C /* MenuViewController.h */,
				66D27A6C1DC2318B00D3EF0C /* MenuViewController.m */,
				66E930151DC34B950095771D /* line.h */,
				66E930161DC34B950095771D /* line.m */,
				6658BDCD1DCA3701004E6F2D /* StatViewController.h */,
				6658BDCE1DCA3701004E6F2D /* StatViewController.m */,
				66F7C3F61DE5F05300F458F0 /* Day.h */,
				66F7C3F71DE5F05300F458F0 /* Day.m */,
			);
			path = DominoStandHubBLE;
			sourceTree = "<group>";
		};
		66FDD5B51DAB9E0E007A20D2 /* Supporting Files */ = {
			isa = PBXGroup;
			children = (
				66FDD5B61DAB9E0E007A20D2 /* main.m */,
			);
			name = "Supporting Files";
			sourceTree = "<group>";
		};
		66FDD5CC1DAB9E32007A20D2 /* BLE */ = {
			isa = PBXGroup;
			children = (
				66FDD5CD1DAB9E32007A20D2 /* BLE.h */,
				66FDD5CE1DAB9E32007A20D2 /* BLE.m */,
				66FDD5CF1DAB9E32007A20D2 /* BLEDefines.h */,
			);
			path = BLE;
			sourceTree = "<group>";
		};
/* End PBXGroup section */

/* Begin PBXNativeTarget section */
		66FDD5B11DAB9E0E007A20D2 /* TeamIOApp */ = {
			isa = PBXNativeTarget;
			buildConfigurationList = 66FDD5C91DAB9E0E007A20D2 /* Build configuration list for PBXNativeTarget "TeamIOApp" */;
			buildPhases = (
				66FDD5AE1DAB9E0E007A20D2 /* Sources */,
				66FDD5AF1DAB9E0E007A20D2 /* Frameworks */,
				66FDD5B01DAB9E0E007A20D2 /* Resources */,
			);
			buildRules = (
			);
			dependencies = (
			);
			name = TeamIOApp;
			productName = DominoStandHubBLE;
			productReference = 66FDD5B21DAB9E0E007A20D2 /* TeamIOApp.app */;
			productType = "com.apple.product-type.application";
		};
/* End PBXNativeTarget section */

/* Begin PBXProject section */
		66FDD5AA1DAB9E0E007A20D2 /* Project object */ = {
			isa = PBXProject;
			attributes = {
				LastUpgradeCheck = 0800;
				ORGANIZATIONNAME = "Quentin Gras";
				TargetAttributes = {
					66FDD5B11DAB9E0E007A20D2 = {
						CreatedOnToolsVersion = 8.0;
						DevelopmentTeam = X64Q5V7Z7C;
						ProvisioningStyle = Automatic;
					};
				};
			};
			buildConfigurationList = 66FDD5AD1DAB9E0E007A20D2 /* Build configuration list for PBXProject "TeamIOApp" */;
			compatibilityVersion = "Xcode 3.2";
			developmentRegion = English;
			hasScannedForEncodings = 0;
			knownRegions = (
				en,
				Base,
			);
			mainGroup = 66FDD5A91DAB9E0E007A20D2;
			productRefGroup = 66FDD5B31DAB9E0E007A20D2 /* Products */;
			projectDirPath = "";
			projectRoot = "";
			targets = (
				66FDD5B11DAB9E0E007A20D2 /* TeamIOApp */,
			);
		};
/* End PBXProject section */

/* Begin PBXResourcesBuildPhase section */
		66FDD5B01DAB9E0E007A20D2 /* Resources */ = {
			isa = PBXResourcesBuildPhase;
			buildActionMask = 2147483647;
			files = (
				66FDD5C51DAB9E0E007A20D2 /* LaunchScreen.storyboard in Resources */,
				66FDD5C21DAB9E0E007A20D2 /* Assets.xcassets in Resources */,
				66FDD5C01DAB9E0E007A20D2 /* Main.storyboard in Resources */,
			);
			runOnlyForDeploymentPostprocessing = 0;
		};
/* End PBXResourcesBuildPhase section */

/* Begin PBXSourcesBuildPhase section */
		66FDD5AE1DAB9E0E007A20D2 /* Sources */ = {
			isa = PBXSourcesBuildPhase;
			buildActionMask = 2147483647;
			files = (
				66FDD5BD1DAB9E0E007A20D2 /* ViewController.m in Sources */,
				66FDD5BA1DAB9E0E007A20D2 /* AppDelegate.m in Sources */,
				66FDD5B71DAB9E0E007A20D2 /* main.m in Sources */,
				66E930171DC34B950095771D /* line.m in Sources */,
				66FDD5D01DAB9E32007A20D2 /* BLE.m in Sources */,
				66D27A6D1DC2318B00D3EF0C /* MenuViewController.m in Sources */,
				66F7C3F81DE5F05300F458F0 /* Day.m in Sources */,
				6658BDCF1DCA3701004E6F2D /* StatViewController.m in Sources */,
			);
			runOnlyForDeploymentPostprocessing = 0;
		};
/* End PBXSourcesBuildPhase section */

/* Begin PBXVariantGroup section */
		66FDD5BE1DAB9E0E007A20D2 /* Main.storyboard */ = {
			isa = PBXVariantGroup;
			children = (
				66FDD5BF1DAB9E0E007A20D2 /* Base */,
			);
			name = Main.storyboard;
			sourceTree = "<group>";
		};
		66FDD5C31DAB9E0E007A20D2 /* LaunchScreen.storyboard */ = {
			isa = PBXVariantGroup;
			children = (
				66FDD5C41DAB9E0E007A20D2 /* Base */,
			);
			name = LaunchScreen.storyboard;
			sourceTree = "<group>";
		};
/* End PBXVariantGroup section */

/* Begin XCBuildConfiguration section */
		66FDD5C71DAB9E0E007A20D2 /* Debug */ = {
			isa = XCBuildConfiguration;
			buildSettings = {
				ALWAYS_SEARCH_USER_PATHS = NO;
				CLANG_ANALYZER_NONNULL = YES;
				CLANG_CXX_LANGUAGE_STANDARD = "gnu++0x";
				CLANG_CXX_LIBRARY = "libc++";
				CLANG_ENABLE_MODULES = YES;
				CLANG_ENABLE_OBJC_ARC = YES;
				CLANG_WARN_BOOL_CONVERSION = YES;
				CLANG_WARN_CONSTANT_CONVERSION = YES;
				CLANG_WARN_DIRECT_OBJC_ISA_USAGE = YES_ERROR;
				CLANG_WARN_DOCUMENTATION_COMMENTS = YES;
				CLANG_WARN_EMPTY_BODY = YES;
				CLANG_WARN_ENUM_CONVERSION = YES;
				CLANG_WARN_INFINITE_RECURSION = YES;
				CLANG_WARN_INT_CONVERSION = YES;
				CLANG_WARN_OBJC_ROOT_CLASS = YES_ERROR;
				CLANG_WARN_SUSPICIOUS_MOVES = YES;
				CLANG_WARN_UNREACHABLE_CODE = YES;
				CLANG_WARN__DUPLICATE_METHOD_MATCH = YES;
				CODE_SIGN_IDENTITY = "iPhone Developer";
				COPY_PHASE_STRIP = NO;
				DEBUG_INFORMATION_FORMAT = dwarf;
				ENABLE_STRICT_OBJC_MSGSEND = YES;
				ENABLE_TESTABILITY = YES;
				GCC_C_LANGUAGE_STANDARD = gnu99;
				GCC_DYNAMIC_NO_PIC = NO;
				GCC_NO_COMMON_BLOCKS = YES;
				GCC_OPTIMIZATION_LEVEL = 0;
				GCC_PREPROCESSOR_DEFINITIONS = (
					"DEBUG=1",
					"$(inherited)",
				);
				GCC_WARN_64_TO_32_BIT_CONVERSION = YES;
				GCC_WARN_ABOUT_RETURN_TYPE = YES_ERROR;
				GCC_WARN_UNDECLARED_SELECTOR = YES;
				GCC_WARN_UNINITIALIZED_AUTOS = YES_AGGRESSIVE;
				GCC_WARN_UNUSED_FUNCTION = YES;
				GCC_WARN_UNUSED_VARIABLE = YES;
				IPHONEOS_DEPLOYMENT_TARGET = 9.3;
				MTL_ENABLE_DEBUG_INFO = YES;
				ONLY_ACTIVE_ARCH = YES;
				SDKROOT = iphoneos;
				TARGETED_DEVICE_FAMILY = 2;
			};
			name = Debug;
		};
		66FDD5C81DAB9E0E007A20D2 /* Release */ = {
			isa = XCBuildConfiguration;
			buildSettings = {
				ALWAYS_SEARCH_USER_PATHS = NO;
				CLANG_ANALYZER_NONNULL = YES;
				CLANG_CXX_LANGUAGE_STANDARD = "gnu++0x";
				CLANG_CXX_LIBRARY = "libc++";
				CLANG_ENABLE_MODULES = YES;
				CLANG_ENABLE_OBJC_ARC = YES;
				CLANG_WARN_BOOL_CONVERSION = YES;
				CLANG_WARN_CONSTANT_CONVERSION = YES;
				CLANG_WARN_DIRECT_OBJC_ISA_USAGE = YES_ERROR;
				CLANG_WARN_DOCUMENTATION_COMMENTS = YES;
				CLANG_WARN_EMPTY_BODY = YES;
				CLANG_WARN_ENUM_CONVERSION = YES;
				CLANG_WARN_INFINITE_RECURSION = YES;
				CLANG_WARN_INT_CONVERSION = YES;
				CLANG_WARN_OBJC_ROOT_CLASS = YES_ERROR;
				CLANG_WARN_SUSPICIOUS_MOVES = YES;
				CLANG_WARN_UNREACHABLE_CODE = YES;
				CLANG_WARN__DUPLICATE_METHOD_MATCH = YES;
				CODE_SIGN_IDENTITY = "iPhone Developer";
				COPY_PHASE_STRIP = NO;
				DEBUG_INFORMATION_FORMAT = "dwarf-with-dsym";
				ENABLE_NS_ASSERTIONS = NO;
				ENABLE_STRICT_OBJC_MSGSEND = YES;
				GCC_C_LANGUAGE_STANDARD = gnu99;
				GCC_NO_COMMON_BLOCKS = YES;
				GCC_WARN_64_TO_32_BIT_CONVERSION = YES;
				GCC_WARN_ABOUT_RETURN_TYPE = YES_ERROR;
				GCC_WARN_UNDECLARED_SELECTOR = YES;
				GCC_WARN_UNINITIALIZED_AUTOS = YES_AGGRESSIVE;
				GCC_WARN_UNUSED_FUNCTION = YES;
				GCC_WARN_UNUSED_VARIABLE = YES;
				IPHONEOS_DEPLOYMENT_TARGET = 9.3;
				MTL_ENABLE_DEBUG_INFO = NO;
				ONLY_ACTIVE_ARCH = YES;
				SDKROOT = iphoneos;
				TARGETED_DEVICE_FAMILY = 2;
				VALIDATE_PRODUCT = YES;
			};
			name = Release;
		};
		66FDD5CA1DAB9E0E007A20D2 /* Debug */ = {
			isa = XCBuildConfiguration;
			buildSettings = {
				ASSETCATALOG_COMPILER_APPICON_NAME = AppIcon1;
				"CODE_SIGN_IDENTITY[sdk=iphoneos*]" = "iPhone Developer";
				DEVELOPMENT_TEAM = X64Q5V7Z7C;
				INFOPLIST_FILE = DominoStandHubBLE/Info.plist;
				IPHONEOS_DEPLOYMENT_TARGET = 9.3;
				LD_RUNPATH_SEARCH_PATHS = "$(inherited) @executable_path/Frameworks";
				PRODUCT_BUNDLE_IDENTIFIER = docapost.teamIO;
				PRODUCT_NAME = "$(TARGET_NAME)";
				TARGETED_DEVICE_FAMILY = 1;
			};
			name = Debug;
		};
		66FDD5CB1DAB9E0E007A20D2 /* Release */ = {
			isa = XCBuildConfiguration;
			buildSettings = {
				ASSETCATALOG_COMPILER_APPICON_NAME = AppIcon1;
				"CODE_SIGN_IDENTITY[sdk=iphoneos*]" = "iPhone Developer";
				DEVELOPMENT_TEAM = X64Q5V7Z7C;
				INFOPLIST_FILE = DominoStandHubBLE/Info.plist;
				IPHONEOS_DEPLOYMENT_TARGET = 9.3;
				LD_RUNPATH_SEARCH_PATHS = "$(inherited) @executable_path/Frameworks";
				PRODUCT_BUNDLE_IDENTIFIER = docapost.teamIO;
				PRODUCT_NAME = "$(TARGET_NAME)";
				TARGETED_DEVICE_FAMILY = 1;
			};
			name = Release;
		};
/* End XCBuildConfiguration section */

/* Begin XCConfigurationList section */
		66FDD5AD1DAB9E0E007A20D2 /* Build configuration list for PBXProject "TeamIOApp" */ = {
			isa = XCConfigurationList;
			buildConfigurations = (
				66FDD5C71DAB9E0E007A20D2 /* Debug */,
				66FDD5C81DAB9E0E007A20D2 /* Release */,
			);
			defaultConfigurationIsVisible = 0;
			defaultConfigurationName = Release;
		};
		66FDD5C91DAB9E0E007A20D2 /* Build configuration list for PBXNativeTarget "TeamIOApp" */ = {
			isa = XCConfigurationList;
			buildConfigurations = (
				66FDD5CA1DAB9E0E007A20D2 /* Debug */,
				66FDD5CB1DAB9E0E007A20D2 /* Release */,
			);
			defaultConfigurationIsVisible = 0;
			defaultConfigurationName = Release;
		};
/* End XCConfigurationList section */
	};
	rootObject = 66FDD5AA1DAB9E0E007A20D2 /* Project object */;
}
